# @generated by Move, please check-in and do not edit manually.

[move]
version = 0
manifest_digest = "0184178F5686C1FD4E9E7679A1E7B92D60E4C948F0CF7F5CD07C6A2D0F086B8A"
deps_digest = "3C4103934B1E040BB6B23F1D610B4EF9F2F1166A50A104EADCF77467C004C600"

dependencies = [
  { name = "Sui" },
  { name = "book_my_ticket_token" },
]

[[move.package]]
name = "MoveStdlib"
source = { git = "https://github.com/MystenLabs/sui.git", rev = "framework/testnet", subdir = "crates/sui-framework/packages/move-stdlib" }

[[move.package]]
name = "Sui"
source = { git = "https://github.com/MystenLabs/sui.git", rev = "framework/testnet", subdir = "crates/sui-framework/packages/sui-framework" }

dependencies = [
  { name = "MoveStdlib" },
]

[[move.package]]
name = "book_my_ticket_token"
source = { local = "../book_my_ticket_token" }

dependencies = [
  { name = "Sui" },
]

[move.toolchain-version]
compiler-version = "1.16.1"
edition = "legacy"
flavor = "sui"
